
Microsoft Visual Studio Solution File, Format Version 12.00
# Visual Studio Version 17
VisualStudioVersion = 17.0.31903.59
MinimumVisualStudioVersion = 10.0.40219.1
Project("{9A19103F-16F7-4668-BE54-9A1E7A4F7556}") = "IdentityProvider", "IdentityProvider\IdentityProvider.csproj", "{FF5EA46E-AA72-49C4-8E23-12A1DE77EE0D}"
EndProject
Project("{FAE04EC0-301F-11D3-BF4B-00C04F79EFBC}") = "Api", "Api\Api.csproj", "{1139C35E-4EEE-4E87-94D1-2B8BB4FD5507}"
EndProject
Project("{FAE04EC0-301F-11D3-BF4B-00C04F79EFBC}") = "ConsoleClient", "ConsoleClient\ConsoleClient.csproj", "{23330650-CE71-48EE-A713-7E00EA8138CC}"
EndProject
Global
	GlobalSection(SolutionConfigurationPlatforms) = preSolution
		Debug|Any CPU = Debug|Any CPU
		Release|Any CPU = Release|Any CPU
	EndGlobalSection
	GlobalSection(ProjectConfigurationPlatforms) = postSolution
		{FF5EA46E-AA72-49C4-8E23-12A1DE77EE0D}.Debug|Any CPU.ActiveCfg = Debug|Any CPU
		{FF5EA46E-AA72-49C4-8E23-12A1DE77EE0D}.Debug|Any CPU.Build.0 = Debug|Any CPU
		{FF5EA46E-AA72-49C4-8E23-12A1DE77EE0D}.Release|Any CPU.ActiveCfg = Release|Any CPU
		{FF5EA46E-AA72-49C4-8E23-12A1DE77EE0D}.Release|Any CPU.Build.0 = Release|Any CPU
		{1139C35E-4EEE-4E87-94D1-2B8BB4FD5507}.Debug|Any CPU.ActiveCfg = Debug|Any CPU
		{1139C35E-4EEE-4E87-94D1-2B8BB4FD5507}.Debug|Any CPU.Build.0 = Debug|Any CPU
		{1139C35E-4EEE-4E87-94D1-2B8BB4FD5507}.Release|Any CPU.ActiveCfg = Release|Any CPU
		{1139C35E-4EEE-4E87-94D1-2B8BB4FD5507}.Release|Any CPU.Build.0 = Release|Any CPU
		{23330650-CE71-48EE-A713-7E00EA8138CC}.Debug|Any CPU.ActiveCfg = Debug|Any CPU
		{23330650-CE71-48EE-A713-7E00EA8138CC}.Debug|Any CPU.Build.0 = Debug|Any CPU
		{23330650-CE71-48EE-A713-7E00EA8138CC}.Release|Any CPU.ActiveCfg = Release|Any CPU
		{23330650-CE71-48EE-A713-7E00EA8138CC}.Release|Any CPU.Build.0 = Release|Any CPU
	EndGlobalSection
	GlobalSection(SolutionProperties) = preSolution
		HideSolutionNode = FALSE
	EndGlobalSection
	GlobalSection(ExtensibilityGlobals) = postSolution
		SolutionGuid = {092B4123-A0D9-43C3-A627-4E87B9B42A40}
	EndGlobalSection
EndGlobal
